
Microsoft Visual Studio Solution File, Format Version 12.00
# Visual Studio 15
VisualStudioVersion = 15.0.26430.13
MinimumVisualStudioVersion = 10.0.40219.1
Project("{00D1A9C2-B5F0-4AF3-8072-F6C62B433612}") = "Database", "Database\Database.sqlproj", "{C114D5A5-B8D7-47C2-B21F-F750222F578D}"
EndProject
Project("{FAE04EC0-301F-11D3-BF4B-00C04F79EFBC}") = "API.Interfaces", "API.Interfaces\API.Interfaces.csproj", "{F2318A4E-325B-450E-82B5-6B385BE6602C}"
EndProject
Project("{FAE04EC0-301F-11D3-BF4B-00C04F79EFBC}") = "API.Domain", "API.Domain\API.Domain.csproj", "{F65A4739-5BBA-4781-935E-710F07B30B0F}"
EndProject
Project("{FAE04EC0-301F-11D3-BF4B-00C04F79EFBC}") = "API.Repositories", "API.Repositories\API.Repositories.csproj", "{373DB411-7B98-48F7-8C76-660B746AFE22}"
EndProject
Project("{FAE04EC0-301F-11D3-BF4B-00C04F79EFBC}") = "API", "API\API.csproj", "{697D8BEF-803C-47FA-960B-D3BF0626D623}"
EndProject
Project("{FAE04EC0-301F-11D3-BF4B-00C04F79EFBC}") = "WebSockets", "WebSockets\WebSockets.csproj", "{6CFA4AA1-CA5F-4738-BB92-4A4C4CE48CEE}"
EndProject
Project("{FAE04EC0-301F-11D3-BF4B-00C04F79EFBC}") = "ApiServer", "ApiServer\ApiServer.csproj", "{ED83FBA3-0D5D-4134-9F63-9BAFB9636B46}"
EndProject
Global
	GlobalSection(SolutionConfigurationPlatforms) = preSolution
		Debug|Any CPU = Debug|Any CPU
		Release|Any CPU = Release|Any CPU
	EndGlobalSection
	GlobalSection(ProjectConfigurationPlatforms) = postSolution
		{C114D5A5-B8D7-47C2-B21F-F750222F578D}.Debug|Any CPU.ActiveCfg = Debug|Any CPU
		{C114D5A5-B8D7-47C2-B21F-F750222F578D}.Debug|Any CPU.Build.0 = Debug|Any CPU
		{C114D5A5-B8D7-47C2-B21F-F750222F578D}.Debug|Any CPU.Deploy.0 = Debug|Any CPU
		{C114D5A5-B8D7-47C2-B21F-F750222F578D}.Release|Any CPU.ActiveCfg = Release|Any CPU
		{C114D5A5-B8D7-47C2-B21F-F750222F578D}.Release|Any CPU.Build.0 = Release|Any CPU
		{C114D5A5-B8D7-47C2-B21F-F750222F578D}.Release|Any CPU.Deploy.0 = Release|Any CPU
		{F2318A4E-325B-450E-82B5-6B385BE6602C}.Debug|Any CPU.ActiveCfg = Debug|Any CPU
		{F2318A4E-325B-450E-82B5-6B385BE6602C}.Debug|Any CPU.Build.0 = Debug|Any CPU
		{F2318A4E-325B-450E-82B5-6B385BE6602C}.Release|Any CPU.ActiveCfg = Release|Any CPU
		{F2318A4E-325B-450E-82B5-6B385BE6602C}.Release|Any CPU.Build.0 = Release|Any CPU
		{F65A4739-5BBA-4781-935E-710F07B30B0F}.Debug|Any CPU.ActiveCfg = Debug|Any CPU
		{F65A4739-5BBA-4781-935E-710F07B30B0F}.Debug|Any CPU.Build.0 = Debug|Any CPU
		{F65A4739-5BBA-4781-935E-710F07B30B0F}.Release|Any CPU.ActiveCfg = Release|Any CPU
		{F65A4739-5BBA-4781-935E-710F07B30B0F}.Release|Any CPU.Build.0 = Release|Any CPU
		{373DB411-7B98-48F7-8C76-660B746AFE22}.Debug|Any CPU.ActiveCfg = Debug|Any CPU
		{373DB411-7B98-48F7-8C76-660B746AFE22}.Debug|Any CPU.Build.0 = Debug|Any CPU
		{373DB411-7B98-48F7-8C76-660B746AFE22}.Release|Any CPU.ActiveCfg = Release|Any CPU
		{373DB411-7B98-48F7-8C76-660B746AFE22}.Release|Any CPU.Build.0 = Release|Any CPU
		{697D8BEF-803C-47FA-960B-D3BF0626D623}.Debug|Any CPU.ActiveCfg = Debug|Any CPU
		{697D8BEF-803C-47FA-960B-D3BF0626D623}.Debug|Any CPU.Build.0 = Debug|Any CPU
		{697D8BEF-803C-47FA-960B-D3BF0626D623}.Release|Any CPU.ActiveCfg = Release|Any CPU
		{697D8BEF-803C-47FA-960B-D3BF0626D623}.Release|Any CPU.Build.0 = Release|Any CPU
		{6CFA4AA1-CA5F-4738-BB92-4A4C4CE48CEE}.Debug|Any CPU.ActiveCfg = Debug|Any CPU
		{6CFA4AA1-CA5F-4738-BB92-4A4C4CE48CEE}.Debug|Any CPU.Build.0 = Debug|Any CPU
		{6CFA4AA1-CA5F-4738-BB92-4A4C4CE48CEE}.Release|Any CPU.ActiveCfg = Release|Any CPU
		{6CFA4AA1-CA5F-4738-BB92-4A4C4CE48CEE}.Release|Any CPU.Build.0 = Release|Any CPU
		{ED83FBA3-0D5D-4134-9F63-9BAFB9636B46}.Debug|Any CPU.ActiveCfg = Debug|Any CPU
		{ED83FBA3-0D5D-4134-9F63-9BAFB9636B46}.Debug|Any CPU.Build.0 = Debug|Any CPU
		{ED83FBA3-0D5D-4134-9F63-9BAFB9636B46}.Release|Any CPU.ActiveCfg = Release|Any CPU
		{ED83FBA3-0D5D-4134-9F63-9BAFB9636B46}.Release|Any CPU.Build.0 = Release|Any CPU
	EndGlobalSection
	GlobalSection(SolutionProperties) = preSolution
		HideSolutionNode = FALSE
	EndGlobalSection
EndGlobal
